
Microsoft Visual Studio Solution File, Format Version 12.00
# Visual Studio Version 16
VisualStudioVersion = 16.0.29411.108
MinimumVisualStudioVersion = 10.0.40219.1
Project("{FAE04EC0-301F-11D3-BF4B-00C04F79EFBC}") = "GPSMaps", "GPSMaps\GPSMaps.csproj", "{573A409B-D317-4CE7-9852-DC1CA75F8C33}"
EndProject
Global
	GlobalSection(SolutionConfigurationPlatforms) = preSolution
		Debug|Any CPU = Debug|Any CPU
		Release|Any CPU = Release|Any CPU
	EndGlobalSection
	GlobalSection(ProjectConfigurationPlatforms) = postSolution
		{573A409B-D317-4CE7-9852-DC1CA75F8C33}.Debug|Any CPU.ActiveCfg = Debug|Any CPU
		{573A409B-D317-4CE7-9852-DC1CA75F8C33}.Debug|Any CPU.Build.0 = Debug|Any CPU
		{573A409B-D317-4CE7-9852-DC1CA75F8C33}.Release|Any CPU.ActiveCfg = Release|Any CPU
		{573A409B-D317-4CE7-9852-DC1CA75F8C33}.Release|Any CPU.Build.0 = Release|Any CPU
	EndGlobalSection
	GlobalSection(SolutionProperties) = preSolution
		HideSolutionNode = FALSE
	EndGlobalSection
	GlobalSection(ExtensibilityGlobals) = postSolution
		SolutionGuid = {4139F781-BF5D-4FD0-AACC-31FF18D59680}
	EndGlobalSection
EndGlobal
